{
  "requires": true,
  "lockfileVersion": 1,
  "dependencies": {
    "grpc-web": {
      "version": "1.0.7",
      "resolved": "https://registry.npmjs.org/grpc-web/-/grpc-web-1.0.7.tgz",
      "integrity": "sha512-Fkbz1nyvvt6GC6ODcxh9Fen6LLB3OTCgGHzHwM2Eni44SUhzqPz1UQgFp9sfBEfInOhx3yBdwo9ZLjZAmJ+TtA=="
    }
  }
}
